
Microsoft Visual Studio Solution File, Format Version 12.00
# Visual Studio Version 16
VisualStudioVersion = 16.0.30621.155
MinimumVisualStudioVersion = 10.0.40219.1
Project("{8BC9CEB8-8B4A-11D0-8D11-00A0C91BC942}") = "du", "du\du.vcxproj", "{5767C101-1BE7-4D5C-90DF-8B658918C11F}"
EndProject
Project("{2150E333-8FDC-42A3-9474-1A3956D46DE8}") = "Solution Items", "Solution Items", "{2C9F7C22-55C5-4144-BBFB-089B573627E0}"
	ProjectSection(SolutionItems) = preProject
		..\du-example-run.png = ..\du-example-run.png
	EndProjectSection
EndProject
Project("{8BC9CEB8-8B4A-11D0-8D11-00A0C91BC942}") = "install", "install\install.vcxproj", "{49BE41D4-8E0E-4A3D-AFC7-4F7B7A3AABB9}"
EndProject
Project("{8BC9CEB8-8B4A-11D0-8D11-00A0C91BC942}") = "du-unit-tests", "du-unit-tests\du-unit-tests.vcxproj", "{3F99FB26-7C45-4D61-A7BC-FC8AB5CEC8C9}"
EndProject
Project("{54435603-DBB4-11D2-8724-00A0C9A8B90C}") = "setup", "setup\setup.vdproj", "{10B5736E-2FD7-4CEE-BE42-FCA6651E57F5}"
EndProject
Global
	GlobalSection(SolutionConfigurationPlatforms) = preSolution
		Debug|ARM = Debug|ARM
		Debug|ARM64 = Debug|ARM64
		Debug|x64 = Debug|x64
		Debug|x86 = Debug|x86
		Release|ARM = Release|ARM
		Release|ARM64 = Release|ARM64
		Release|x64 = Release|x64
		Release|x86 = Release|x86
	EndGlobalSection
	GlobalSection(ProjectConfigurationPlatforms) = postSolution
		{5767C101-1BE7-4D5C-90DF-8B658918C11F}.Debug|ARM.ActiveCfg = Debug|ARM
		{5767C101-1BE7-4D5C-90DF-8B658918C11F}.Debug|ARM.Build.0 = Debug|ARM
		{5767C101-1BE7-4D5C-90DF-8B658918C11F}.Debug|ARM64.ActiveCfg = Debug|ARM64
		{5767C101-1BE7-4D5C-90DF-8B658918C11F}.Debug|ARM64.Build.0 = Debug|ARM64
		{5767C101-1BE7-4D5C-90DF-8B658918C11F}.Debug|x64.ActiveCfg = Debug|x64
		{5767C101-1BE7-4D5C-90DF-8B658918C11F}.Debug|x64.Build.0 = Debug|x64
		{5767C101-1BE7-4D5C-90DF-8B658918C11F}.Debug|x86.ActiveCfg = Debug|Win32
		{5767C101-1BE7-4D5C-90DF-8B658918C11F}.Debug|x86.Build.0 = Debug|Win32
		{5767C101-1BE7-4D5C-90DF-8B658918C11F}.Release|ARM.ActiveCfg = Release|ARM
		{5767C101-1BE7-4D5C-90DF-8B658918C11F}.Release|ARM.Build.0 = Release|ARM
		{5767C101-1BE7-4D5C-90DF-8B658918C11F}.Release|ARM64.ActiveCfg = Release|ARM64
		{5767C101-1BE7-4D5C-90DF-8B658918C11F}.Release|ARM64.Build.0 = Release|ARM64
		{5767C101-1BE7-4D5C-90DF-8B658918C11F}.Release|x64.ActiveCfg = Release|x64
		{5767C101-1BE7-4D5C-90DF-8B658918C11F}.Release|x64.Build.0 = Release|x64
		{5767C101-1BE7-4D5C-90DF-8B658918C11F}.Release|x86.ActiveCfg = Release|Win32
		{5767C101-1BE7-4D5C-90DF-8B658918C11F}.Release|x86.Build.0 = Release|Win32
		{49BE41D4-8E0E-4A3D-AFC7-4F7B7A3AABB9}.Debug|ARM.ActiveCfg = Debug|Win32
		{49BE41D4-8E0E-4A3D-AFC7-4F7B7A3AABB9}.Debug|ARM64.ActiveCfg = Debug|Win32
		{49BE41D4-8E0E-4A3D-AFC7-4F7B7A3AABB9}.Debug|x64.ActiveCfg = Debug|x64
		{49BE41D4-8E0E-4A3D-AFC7-4F7B7A3AABB9}.Debug|x64.Build.0 = Debug|x64
		{49BE41D4-8E0E-4A3D-AFC7-4F7B7A3AABB9}.Debug|x86.ActiveCfg = Debug|Win32
		{49BE41D4-8E0E-4A3D-AFC7-4F7B7A3AABB9}.Debug|x86.Build.0 = Debug|Win32
		{49BE41D4-8E0E-4A3D-AFC7-4F7B7A3AABB9}.Release|ARM.ActiveCfg = Release|Win32
		{49BE41D4-8E0E-4A3D-AFC7-4F7B7A3AABB9}.Release|ARM64.ActiveCfg = Release|Win32
		{49BE41D4-8E0E-4A3D-AFC7-4F7B7A3AABB9}.Release|x64.ActiveCfg = Release|x64
		{49BE41D4-8E0E-4A3D-AFC7-4F7B7A3AABB9}.Release|x64.Build.0 = Release|x64
		{49BE41D4-8E0E-4A3D-AFC7-4F7B7A3AABB9}.Release|x86.ActiveCfg = Release|Win32
		{49BE41D4-8E0E-4A3D-AFC7-4F7B7A3AABB9}.Release|x86.Build.0 = Release|Win32
		{3F99FB26-7C45-4D61-A7BC-FC8AB5CEC8C9}.Debug|ARM.ActiveCfg = Debug|Win32
		{3F99FB26-7C45-4D61-A7BC-FC8AB5CEC8C9}.Debug|ARM64.ActiveCfg = Debug|Win32
		{3F99FB26-7C45-4D61-A7BC-FC8AB5CEC8C9}.Debug|x64.ActiveCfg = Debug|x64
		{3F99FB26-7C45-4D61-A7BC-FC8AB5CEC8C9}.Debug|x64.Build.0 = Debug|x64
		{3F99FB26-7C45-4D61-A7BC-FC8AB5CEC8C9}.Debug|x86.ActiveCfg = Debug|Win32
		{3F99FB26-7C45-4D61-A7BC-FC8AB5CEC8C9}.Debug|x86.Build.0 = Debug|Win32
		{3F99FB26-7C45-4D61-A7BC-FC8AB5CEC8C9}.Release|ARM.ActiveCfg = Release|Win32
		{3F99FB26-7C45-4D61-A7BC-FC8AB5CEC8C9}.Release|ARM64.ActiveCfg = Release|Win32
		{3F99FB26-7C45-4D61-A7BC-FC8AB5CEC8C9}.Release|x64.ActiveCfg = Release|x64
		{3F99FB26-7C45-4D61-A7BC-FC8AB5CEC8C9}.Release|x64.Build.0 = Release|x64
		{3F99FB26-7C45-4D61-A7BC-FC8AB5CEC8C9}.Release|x86.ActiveCfg = Release|Win32
		{3F99FB26-7C45-4D61-A7BC-FC8AB5CEC8C9}.Release|x86.Build.0 = Release|Win32
		{10B5736E-2FD7-4CEE-BE42-FCA6651E57F5}.Debug|ARM.ActiveCfg = Debug
		{10B5736E-2FD7-4CEE-BE42-FCA6651E57F5}.Debug|ARM64.ActiveCfg = Debug
		{10B5736E-2FD7-4CEE-BE42-FCA6651E57F5}.Debug|x64.ActiveCfg = Debug
		{10B5736E-2FD7-4CEE-BE42-FCA6651E57F5}.Debug|x86.ActiveCfg = Debug
		{10B5736E-2FD7-4CEE-BE42-FCA6651E57F5}.Release|ARM.ActiveCfg = Release
		{10B5736E-2FD7-4CEE-BE42-FCA6651E57F5}.Release|ARM64.ActiveCfg = Release
		{10B5736E-2FD7-4CEE-BE42-FCA6651E57F5}.Release|x64.ActiveCfg = Release
		{10B5736E-2FD7-4CEE-BE42-FCA6651E57F5}.Release|x86.ActiveCfg = Release
	EndGlobalSection
	GlobalSection(SolutionProperties) = preSolution
		HideSolutionNode = FALSE
	EndGlobalSection
	GlobalSection(ExtensibilityGlobals) = postSolution
		SolutionGuid = {EB3C265E-3C15-4395-9A2E-175E40B3F14B}
	EndGlobalSection
EndGlobal
